
Microsoft Visual Studio Solution File, Format Version 12.00
# Visual Studio Version 16
VisualStudioVersion = 16.0.34931.43
MinimumVisualStudioVersion = 10.0.40219.1
Project("{9A19103F-16F7-4668-BE54-9A1E7A4F7556}") = "异步方法", "AwaitAsync1\异步方法.csproj", "{A05A6C91-83B9-4D28-B059-FECDDCD481B1}"
EndProject
Project("{9A19103F-16F7-4668-BE54-9A1E7A4F7556}") = "TaskForWinform", "WinFormsApp1\TaskForWinform.csproj", "{EED131EE-E0C3-4ED7-9D6B-9119530A4CF8}"
EndProject
Project("{9A19103F-16F7-4668-BE54-9A1E7A4F7556}") = "异步原理揭秘", "AwaitAsync2\异步原理揭秘.csproj", "{4DA5DDDF-FB58-4BCC-944F-B07B8364EB40}"
EndProject
Project("{9A19103F-16F7-4668-BE54-9A1E7A4F7556}") = "异步调用内部线程切换", "AwaitAsync3\异步调用内部线程切换.csproj", "{9BB51C59-BC3B-4E20-98D6-27383E777688}"
EndProject
Project("{9A19103F-16F7-4668-BE54-9A1E7A4F7556}") = "未标记async", "AwaitAsync4\未标记async.csproj", "{93BEF700-357A-4F88-A2E2-B82C45273C56}"
EndProject
Project("{9A19103F-16F7-4668-BE54-9A1E7A4F7556}") = "不要用Sleep", "AwaitAsync5\不要用Sleep.csproj", "{41E9E76D-1F18-4202-9CD3-58E1A7F2D573}"
EndProject
Project("{9A19103F-16F7-4668-BE54-9A1E7A4F7556}") = "取消1", "取消1\取消1.csproj", "{C8C531B4-19FB-42C3-A56D-9AB0C76DB547}"
EndProject
Project("{9A19103F-16F7-4668-BE54-9A1E7A4F7556}") = "aspnetcoreCancel1", "aspnetcoreCancel1\aspnetcoreCancel1.csproj", "{EEB955A3-5A84-40A3-A069-C4F7360EDCC6}"
EndProject
Project("{9A19103F-16F7-4668-BE54-9A1E7A4F7556}") = "WhenAll1", "WhenAll1\WhenAll1.csproj", "{2D5FD740-F013-487F-87A8-DA7CC67FC916}"
EndProject
Project("{9A19103F-16F7-4668-BE54-9A1E7A4F7556}") = "异步其他问题", "异步其他问题\异步其他问题.csproj", "{6BA4005F-0B74-4C71-B15A-28318F5E2F6E}"
EndProject
Project("{9A19103F-16F7-4668-BE54-9A1E7A4F7556}") = "委托复习", "委托复习\委托复习.csproj", "{998F0DD2-E9C1-440E-A5CC-30E6498A35C3}"
EndProject
Project("{9A19103F-16F7-4668-BE54-9A1E7A4F7556}") = "lambda复习", "lambda复习\lambda复习.csproj", "{40804F40-032B-4139-BB44-E8247AAFF79E}"
EndProject
Project("{9A19103F-16F7-4668-BE54-9A1E7A4F7556}") = "LINQ原理揭秘", "LINQ原理揭秘\LINQ原理揭秘.csproj", "{E8C9D5E5-6F76-441D-9811-9202EFE189E6}"
EndProject
Project("{9A19103F-16F7-4668-BE54-9A1E7A4F7556}") = "LINQ常用扩展方法学习", "LINQ常用扩展方法学习\LINQ常用扩展方法学习.csproj", "{2FE4F237-1707-4F38-905A-F3E2C77155A2}"
EndProject
Project("{9A19103F-16F7-4668-BE54-9A1E7A4F7556}") = "linq解决面试题", "linq解决面试题\linq解决面试题.csproj", "{E34053D9-6A62-4CDC-B8CF-6BEC9A02E5F1}"
EndProject
Project("{9A19103F-16F7-4668-BE54-9A1E7A4F7556}") = "IOC1", "IOC1\IOC1.csproj", "{7CEFFAF3-F705-4CE6-80A4-021CB130201B}"
EndProject
Project("{9A19103F-16F7-4668-BE54-9A1E7A4F7556}") = "DI会传染", "DI会传染\DI会传染.csproj", "{6068E6F3-F651-4EB3-8C01-D8D5A2CDBDBB}"
EndProject
Project("{9A19103F-16F7-4668-BE54-9A1E7A4F7556}") = "1ConsoleAappMailSender", "ConsoleAappMailSender\1ConsoleAappMailSender.csproj", "{8419BC5B-9C72-407C-854D-FFB1963B9BB2}"
EndProject
Project("{9A19103F-16F7-4668-BE54-9A1E7A4F7556}") = "1LogServices", "LogServices\1LogServices.csproj", "{41BBAF87-288B-4BD6-AD30-E6D7E42624C4}"
EndProject
Project("{9A19103F-16F7-4668-BE54-9A1E7A4F7556}") = "1MailServices", "MailServices\1MailServices.csproj", "{65646BAE-7A64-4375-9E99-A1CBBCD849F9}"
EndProject
Project("{9A19103F-16F7-4668-BE54-9A1E7A4F7556}") = "1ConfigServices", "ConfigServices\1ConfigServices.csproj", "{5621D326-E0BE-404D-98AD-F1DB7D6FF60B}"
EndProject
Project("{9A19103F-16F7-4668-BE54-9A1E7A4F7556}") = "配置系统1", "配置系统1\配置系统1.csproj", "{1FA48591-DF6B-4927-B36B-E74E9B4CB61B}"
EndProject
Project("{9A19103F-16F7-4668-BE54-9A1E7A4F7556}") = "LoggingDemo1", "LoggingDemo1\LoggingDemo1.csproj", "{61730272-2D50-4867-83E9-AB8605182294}"
EndProject
Project("{2150E333-8FDC-42A3-9474-1A3956D46DE8}") = "异步", "异步", "{9B807BF5-7FF2-45F2-B085-9DEA07853320}"
EndProject
Project("{2150E333-8FDC-42A3-9474-1A3956D46DE8}") = "LINQ", "LINQ", "{E01E7699-4048-4C53-8932-0FFE7B03291B}"
EndProject
Project("{2150E333-8FDC-42A3-9474-1A3956D46DE8}") = "DI", "DI", "{8BA900D1-D66B-426E-B842-7E8524DF7DE1}"
EndProject
Project("{2150E333-8FDC-42A3-9474-1A3956D46DE8}") = "配置系统", "配置系统", "{CB7F98ED-1957-47FC-91D9-5E8D1E881100}"
EndProject
Project("{2150E333-8FDC-42A3-9474-1A3956D46DE8}") = "日志系统", "日志系统", "{2A73CE90-8239-4DFB-B7E5-B4457DE5A045}"
EndProject
Global
	GlobalSection(SolutionConfigurationPlatforms) = preSolution
		Debug|Any CPU = Debug|Any CPU
		Release|Any CPU = Release|Any CPU
	EndGlobalSection
	GlobalSection(ProjectConfigurationPlatforms) = postSolution
		{A05A6C91-83B9-4D28-B059-FECDDCD481B1}.Debug|Any CPU.ActiveCfg = Debug|Any CPU
		{A05A6C91-83B9-4D28-B059-FECDDCD481B1}.Debug|Any CPU.Build.0 = Debug|Any CPU
		{A05A6C91-83B9-4D28-B059-FECDDCD481B1}.Release|Any CPU.ActiveCfg = Release|Any CPU
		{A05A6C91-83B9-4D28-B059-FECDDCD481B1}.Release|Any CPU.Build.0 = Release|Any CPU
		{EED131EE-E0C3-4ED7-9D6B-9119530A4CF8}.Debug|Any CPU.ActiveCfg = Debug|Any CPU
		{EED131EE-E0C3-4ED7-9D6B-9119530A4CF8}.Debug|Any CPU.Build.0 = Debug|Any CPU
		{EED131EE-E0C3-4ED7-9D6B-9119530A4CF8}.Release|Any CPU.ActiveCfg = Release|Any CPU
		{EED131EE-E0C3-4ED7-9D6B-9119530A4CF8}.Release|Any CPU.Build.0 = Release|Any CPU
		{4DA5DDDF-FB58-4BCC-944F-B07B8364EB40}.Debug|Any CPU.ActiveCfg = Debug|Any CPU
		{4DA5DDDF-FB58-4BCC-944F-B07B8364EB40}.Debug|Any CPU.Build.0 = Debug|Any CPU
		{4DA5DDDF-FB58-4BCC-944F-B07B8364EB40}.Release|Any CPU.ActiveCfg = Release|Any CPU
		{4DA5DDDF-FB58-4BCC-944F-B07B8364EB40}.Release|Any CPU.Build.0 = Release|Any CPU
		{9BB51C59-BC3B-4E20-98D6-27383E777688}.Debug|Any CPU.ActiveCfg = Debug|Any CPU
		{9BB51C59-BC3B-4E20-98D6-27383E777688}.Debug|Any CPU.Build.0 = Debug|Any CPU
		{9BB51C59-BC3B-4E20-98D6-27383E777688}.Release|Any CPU.ActiveCfg = Release|Any CPU
		{9BB51C59-BC3B-4E20-98D6-27383E777688}.Release|Any CPU.Build.0 = Release|Any CPU
		{93BEF700-357A-4F88-A2E2-B82C45273C56}.Debug|Any CPU.ActiveCfg = Debug|Any CPU
		{93BEF700-357A-4F88-A2E2-B82C45273C56}.Debug|Any CPU.Build.0 = Debug|Any CPU
		{93BEF700-357A-4F88-A2E2-B82C45273C56}.Release|Any CPU.ActiveCfg = Release|Any CPU
		{93BEF700-357A-4F88-A2E2-B82C45273C56}.Release|Any CPU.Build.0 = Release|Any CPU
		{41E9E76D-1F18-4202-9CD3-58E1A7F2D573}.Debug|Any CPU.ActiveCfg = Debug|Any CPU
		{41E9E76D-1F18-4202-9CD3-58E1A7F2D573}.Debug|Any CPU.Build.0 = Debug|Any CPU
		{41E9E76D-1F18-4202-9CD3-58E1A7F2D573}.Release|Any CPU.ActiveCfg = Release|Any CPU
		{41E9E76D-1F18-4202-9CD3-58E1A7F2D573}.Release|Any CPU.Build.0 = Release|Any CPU
		{C8C531B4-19FB-42C3-A56D-9AB0C76DB547}.Debug|Any CPU.ActiveCfg = Debug|Any CPU
		{C8C531B4-19FB-42C3-A56D-9AB0C76DB547}.Debug|Any CPU.Build.0 = Debug|Any CPU
		{C8C531B4-19FB-42C3-A56D-9AB0C76DB547}.Release|Any CPU.ActiveCfg = Release|Any CPU
		{C8C531B4-19FB-42C3-A56D-9AB0C76DB547}.Release|Any CPU.Build.0 = Release|Any CPU
		{EEB955A3-5A84-40A3-A069-C4F7360EDCC6}.Debug|Any CPU.ActiveCfg = Debug|Any CPU
		{EEB955A3-5A84-40A3-A069-C4F7360EDCC6}.Debug|Any CPU.Build.0 = Debug|Any CPU
		{EEB955A3-5A84-40A3-A069-C4F7360EDCC6}.Release|Any CPU.ActiveCfg = Release|Any CPU
		{EEB955A3-5A84-40A3-A069-C4F7360EDCC6}.Release|Any CPU.Build.0 = Release|Any CPU
		{2D5FD740-F013-487F-87A8-DA7CC67FC916}.Debug|Any CPU.ActiveCfg = Debug|Any CPU
		{2D5FD740-F013-487F-87A8-DA7CC67FC916}.Debug|Any CPU.Build.0 = Debug|Any CPU
		{2D5FD740-F013-487F-87A8-DA7CC67FC916}.Release|Any CPU.ActiveCfg = Release|Any CPU
		{2D5FD740-F013-487F-87A8-DA7CC67FC916}.Release|Any CPU.Build.0 = Release|Any CPU
		{6BA4005F-0B74-4C71-B15A-28318F5E2F6E}.Debug|Any CPU.ActiveCfg = Debug|Any CPU
		{6BA4005F-0B74-4C71-B15A-28318F5E2F6E}.Debug|Any CPU.Build.0 = Debug|Any CPU
		{6BA4005F-0B74-4C71-B15A-28318F5E2F6E}.Release|Any CPU.ActiveCfg = Release|Any CPU
		{6BA4005F-0B74-4C71-B15A-28318F5E2F6E}.Release|Any CPU.Build.0 = Release|Any CPU
		{998F0DD2-E9C1-440E-A5CC-30E6498A35C3}.Debug|Any CPU.ActiveCfg = Debug|Any CPU
		{998F0DD2-E9C1-440E-A5CC-30E6498A35C3}.Debug|Any CPU.Build.0 = Debug|Any CPU
		{998F0DD2-E9C1-440E-A5CC-30E6498A35C3}.Release|Any CPU.ActiveCfg = Release|Any CPU
		{998F0DD2-E9C1-440E-A5CC-30E6498A35C3}.Release|Any CPU.Build.0 = Release|Any CPU
		{40804F40-032B-4139-BB44-E8247AAFF79E}.Debug|Any CPU.ActiveCfg = Debug|Any CPU
		{40804F40-032B-4139-BB44-E8247AAFF79E}.Debug|Any CPU.Build.0 = Debug|Any CPU
		{40804F40-032B-4139-BB44-E8247AAFF79E}.Release|Any CPU.ActiveCfg = Release|Any CPU
		{40804F40-032B-4139-BB44-E8247AAFF79E}.Release|Any CPU.Build.0 = Release|Any CPU
		{E8C9D5E5-6F76-441D-9811-9202EFE189E6}.Debug|Any CPU.ActiveCfg = Debug|Any CPU
		{E8C9D5E5-6F76-441D-9811-9202EFE189E6}.Debug|Any CPU.Build.0 = Debug|Any CPU
		{E8C9D5E5-6F76-441D-9811-9202EFE189E6}.Release|Any CPU.ActiveCfg = Release|Any CPU
		{E8C9D5E5-6F76-441D-9811-9202EFE189E6}.Release|Any CPU.Build.0 = Release|Any CPU
		{2FE4F237-1707-4F38-905A-F3E2C77155A2}.Debug|Any CPU.ActiveCfg = Debug|Any CPU
		{2FE4F237-1707-4F38-905A-F3E2C77155A2}.Debug|Any CPU.Build.0 = Debug|Any CPU
		{2FE4F237-1707-4F38-905A-F3E2C77155A2}.Release|Any CPU.ActiveCfg = Release|Any CPU
		{2FE4F237-1707-4F38-905A-F3E2C77155A2}.Release|Any CPU.Build.0 = Release|Any CPU
		{E34053D9-6A62-4CDC-B8CF-6BEC9A02E5F1}.Debug|Any CPU.ActiveCfg = Debug|Any CPU
		{E34053D9-6A62-4CDC-B8CF-6BEC9A02E5F1}.Debug|Any CPU.Build.0 = Debug|Any CPU
		{E34053D9-6A62-4CDC-B8CF-6BEC9A02E5F1}.Release|Any CPU.ActiveCfg = Release|Any CPU
		{E34053D9-6A62-4CDC-B8CF-6BEC9A02E5F1}.Release|Any CPU.Build.0 = Release|Any CPU
		{7CEFFAF3-F705-4CE6-80A4-021CB130201B}.Debug|Any CPU.ActiveCfg = Debug|Any CPU
		{7CEFFAF3-F705-4CE6-80A4-021CB130201B}.Debug|Any CPU.Build.0 = Debug|Any CPU
		{7CEFFAF3-F705-4CE6-80A4-021CB130201B}.Release|Any CPU.ActiveCfg = Release|Any CPU
		{7CEFFAF3-F705-4CE6-80A4-021CB130201B}.Release|Any CPU.Build.0 = Release|Any CPU
		{6068E6F3-F651-4EB3-8C01-D8D5A2CDBDBB}.Debug|Any CPU.ActiveCfg = Debug|Any CPU
		{6068E6F3-F651-4EB3-8C01-D8D5A2CDBDBB}.Debug|Any CPU.Build.0 = Debug|Any CPU
		{6068E6F3-F651-4EB3-8C01-D8D5A2CDBDBB}.Release|Any CPU.ActiveCfg = Release|Any CPU
		{6068E6F3-F651-4EB3-8C01-D8D5A2CDBDBB}.Release|Any CPU.Build.0 = Release|Any CPU
		{8419BC5B-9C72-407C-854D-FFB1963B9BB2}.Debug|Any CPU.ActiveCfg = Debug|Any CPU
		{8419BC5B-9C72-407C-854D-FFB1963B9BB2}.Debug|Any CPU.Build.0 = Debug|Any CPU
		{8419BC5B-9C72-407C-854D-FFB1963B9BB2}.Release|Any CPU.ActiveCfg = Release|Any CPU
		{8419BC5B-9C72-407C-854D-FFB1963B9BB2}.Release|Any CPU.Build.0 = Release|Any CPU
		{41BBAF87-288B-4BD6-AD30-E6D7E42624C4}.Debug|Any CPU.ActiveCfg = Debug|Any CPU
		{41BBAF87-288B-4BD6-AD30-E6D7E42624C4}.Debug|Any CPU.Build.0 = Debug|Any CPU
		{41BBAF87-288B-4BD6-AD30-E6D7E42624C4}.Release|Any CPU.ActiveCfg = Release|Any CPU
		{41BBAF87-288B-4BD6-AD30-E6D7E42624C4}.Release|Any CPU.Build.0 = Release|Any CPU
		{65646BAE-7A64-4375-9E99-A1CBBCD849F9}.Debug|Any CPU.ActiveCfg = Debug|Any CPU
		{65646BAE-7A64-4375-9E99-A1CBBCD849F9}.Debug|Any CPU.Build.0 = Debug|Any CPU
		{65646BAE-7A64-4375-9E99-A1CBBCD849F9}.Release|Any CPU.ActiveCfg = Release|Any CPU
		{65646BAE-7A64-4375-9E99-A1CBBCD849F9}.Release|Any CPU.Build.0 = Release|Any CPU
		{5621D326-E0BE-404D-98AD-F1DB7D6FF60B}.Debug|Any CPU.ActiveCfg = Debug|Any CPU
		{5621D326-E0BE-404D-98AD-F1DB7D6FF60B}.Debug|Any CPU.Build.0 = Debug|Any CPU
		{5621D326-E0BE-404D-98AD-F1DB7D6FF60B}.Release|Any CPU.ActiveCfg = Release|Any CPU
		{5621D326-E0BE-404D-98AD-F1DB7D6FF60B}.Release|Any CPU.Build.0 = Release|Any CPU
		{1FA48591-DF6B-4927-B36B-E74E9B4CB61B}.Debug|Any CPU.ActiveCfg = Debug|Any CPU
		{1FA48591-DF6B-4927-B36B-E74E9B4CB61B}.Debug|Any CPU.Build.0 = Debug|Any CPU
		{1FA48591-DF6B-4927-B36B-E74E9B4CB61B}.Release|Any CPU.ActiveCfg = Release|Any CPU
		{1FA48591-DF6B-4927-B36B-E74E9B4CB61B}.Release|Any CPU.Build.0 = Release|Any CPU
		{61730272-2D50-4867-83E9-AB8605182294}.Debug|Any CPU.ActiveCfg = Debug|Any CPU
		{61730272-2D50-4867-83E9-AB8605182294}.Debug|Any CPU.Build.0 = Debug|Any CPU
		{61730272-2D50-4867-83E9-AB8605182294}.Release|Any CPU.ActiveCfg = Release|Any CPU
		{61730272-2D50-4867-83E9-AB8605182294}.Release|Any CPU.Build.0 = Release|Any CPU
	EndGlobalSection
	GlobalSection(SolutionProperties) = preSolution
		HideSolutionNode = FALSE
	EndGlobalSection
	GlobalSection(NestedProjects) = preSolution
		{A05A6C91-83B9-4D28-B059-FECDDCD481B1} = {9B807BF5-7FF2-45F2-B085-9DEA07853320}
		{EED131EE-E0C3-4ED7-9D6B-9119530A4CF8} = {9B807BF5-7FF2-45F2-B085-9DEA07853320}
		{4DA5DDDF-FB58-4BCC-944F-B07B8364EB40} = {9B807BF5-7FF2-45F2-B085-9DEA07853320}
		{9BB51C59-BC3B-4E20-98D6-27383E777688} = {9B807BF5-7FF2-45F2-B085-9DEA07853320}
		{93BEF700-357A-4F88-A2E2-B82C45273C56} = {9B807BF5-7FF2-45F2-B085-9DEA07853320}
		{41E9E76D-1F18-4202-9CD3-58E1A7F2D573} = {9B807BF5-7FF2-45F2-B085-9DEA07853320}
		{C8C531B4-19FB-42C3-A56D-9AB0C76DB547} = {9B807BF5-7FF2-45F2-B085-9DEA07853320}
		{EEB955A3-5A84-40A3-A069-C4F7360EDCC6} = {9B807BF5-7FF2-45F2-B085-9DEA07853320}
		{2D5FD740-F013-487F-87A8-DA7CC67FC916} = {9B807BF5-7FF2-45F2-B085-9DEA07853320}
		{6BA4005F-0B74-4C71-B15A-28318F5E2F6E} = {9B807BF5-7FF2-45F2-B085-9DEA07853320}
		{998F0DD2-E9C1-440E-A5CC-30E6498A35C3} = {E01E7699-4048-4C53-8932-0FFE7B03291B}
		{40804F40-032B-4139-BB44-E8247AAFF79E} = {E01E7699-4048-4C53-8932-0FFE7B03291B}
		{E8C9D5E5-6F76-441D-9811-9202EFE189E6} = {E01E7699-4048-4C53-8932-0FFE7B03291B}
		{2FE4F237-1707-4F38-905A-F3E2C77155A2} = {E01E7699-4048-4C53-8932-0FFE7B03291B}
		{E34053D9-6A62-4CDC-B8CF-6BEC9A02E5F1} = {E01E7699-4048-4C53-8932-0FFE7B03291B}
		{7CEFFAF3-F705-4CE6-80A4-021CB130201B} = {8BA900D1-D66B-426E-B842-7E8524DF7DE1}
		{6068E6F3-F651-4EB3-8C01-D8D5A2CDBDBB} = {8BA900D1-D66B-426E-B842-7E8524DF7DE1}
		{8419BC5B-9C72-407C-854D-FFB1963B9BB2} = {8BA900D1-D66B-426E-B842-7E8524DF7DE1}
		{41BBAF87-288B-4BD6-AD30-E6D7E42624C4} = {8BA900D1-D66B-426E-B842-7E8524DF7DE1}
		{65646BAE-7A64-4375-9E99-A1CBBCD849F9} = {8BA900D1-D66B-426E-B842-7E8524DF7DE1}
		{5621D326-E0BE-404D-98AD-F1DB7D6FF60B} = {8BA900D1-D66B-426E-B842-7E8524DF7DE1}
		{1FA48591-DF6B-4927-B36B-E74E9B4CB61B} = {CB7F98ED-1957-47FC-91D9-5E8D1E881100}
		{61730272-2D50-4867-83E9-AB8605182294} = {2A73CE90-8239-4DFB-B7E5-B4457DE5A045}
	EndGlobalSection
	GlobalSection(ExtensibilityGlobals) = postSolution
		SolutionGuid = {B4DB210A-1672-46B7-B85D-12817C58AD13}
	EndGlobalSection
EndGlobal
