
Microsoft Visual Studio Solution File, Format Version 12.00
# Visual Studio Version 17
VisualStudioVersion = 17.10.35013.160
MinimumVisualStudioVersion = 10.0.40219.1
Project("{9A19103F-16F7-4668-BE54-9A1E7A4F7556}") = "EFCore实体属性操作的秘密1", "EFCore实体属性操作的秘密1\EFCore实体属性操作的秘密1.csproj", "{BE3D9BE2-0506-481C-B5E1-7C970BC7947A}"
EndProject
Project("{9A19103F-16F7-4668-BE54-9A1E7A4F7556}") = "MediatRTest1", "MediatRTest1\MediatRTest1.csproj", "{1341D2C6-F012-4F7C-AAE8-6600D2705CED}"
EndProject
Project("{FAE04EC0-301F-11D3-BF4B-00C04F79EFBC}") = "RabbtiMQSender1", "RabbtiMQTest1\RabbtiMQSender1.csproj", "{14D60B0D-E6EE-46E1-B908-4D67FFFD12DF}"
EndProject
Project("{FAE04EC0-301F-11D3-BF4B-00C04F79EFBC}") = "ConmuseTest1", "ConmuseTest1\ConmuseTest1.csproj", "{EE33B4CA-A85A-4211-A126-B897A34E9AAD}"
EndProject
Project("{2150E333-8FDC-42A3-9474-1A3956D46DE8}") = "RabbitMQ", "RabbitMQ", "{A35FA36F-32E4-413B-B04A-863817DBB2CD}"
EndProject
Project("{2150E333-8FDC-42A3-9474-1A3956D46DE8}") = "ZackeventBusDemo", "ZackeventBusDemo", "{5662C47F-9402-4E3E-A339-A411F2E7B80C}"
EndProject
Project("{FAE04EC0-301F-11D3-BF4B-00C04F79EFBC}") = "EventWebApi1", "EventWebApi1\EventWebApi1.csproj", "{A30359C6-2F68-40B7-AE8A-61998FBE7301}"
EndProject
Project("{FAE04EC0-301F-11D3-BF4B-00C04F79EFBC}") = "EventWebApi2", "EventWebApi2\EventWebApi2.csproj", "{80EC2983-CEEB-4378-9313-9CA26BB1EB62}"
EndProject
Project("{2150E333-8FDC-42A3-9474-1A3956D46DE8}") = "理解整洁架构(洋葱架构)", "理解整洁架构(洋葱架构)", "{F2B101EB-CB83-404E-96B1-8CC71ADB3C71}"
EndProject
Project("{FAE04EC0-301F-11D3-BF4B-00C04F79EFBC}") = "OldCode", "OldCode\OldCode.csproj", "{FF9DC245-20B8-49A0-88E5-ADF36F6EF61E}"
EndProject
Project("{FAE04EC0-301F-11D3-BF4B-00C04F79EFBC}") = "Intf1", "Intf1\Intf1.csproj", "{E3994F3F-0D07-4782-AFB4-4C7229E55E57}"
EndProject
Project("{2150E333-8FDC-42A3-9474-1A3956D46DE8}") = "DDD实战洋葱架构实现", "DDD实战洋葱架构实现", "{5DB69794-22CE-4675-9D24-E5A921307964}"
EndProject
Project("{FAE04EC0-301F-11D3-BF4B-00C04F79EFBC}") = "Users.WebAPI", "Users.WebAPI\Users.WebAPI.csproj", "{EDFD56FF-3233-4FA9-A2CB-2A1CE2E63814}"
EndProject
Project("{FAE04EC0-301F-11D3-BF4B-00C04F79EFBC}") = "Users.Infrastructure", "Users.Infrastructure\Users.Infrastructure.csproj", "{E4F7D784-5D77-4DB6-B9C8-A5EED7F558A5}"
EndProject
Project("{FAE04EC0-301F-11D3-BF4B-00C04F79EFBC}") = "Users.Domain", "Users.Domain\Users.Domain.csproj", "{156925E9-842E-4505-ADB2-55E679153630}"
EndProject
Global
	GlobalSection(SolutionConfigurationPlatforms) = preSolution
		Debug|Any CPU = Debug|Any CPU
		Release|Any CPU = Release|Any CPU
	EndGlobalSection
	GlobalSection(ProjectConfigurationPlatforms) = postSolution
		{BE3D9BE2-0506-481C-B5E1-7C970BC7947A}.Debug|Any CPU.ActiveCfg = Debug|Any CPU
		{BE3D9BE2-0506-481C-B5E1-7C970BC7947A}.Debug|Any CPU.Build.0 = Debug|Any CPU
		{BE3D9BE2-0506-481C-B5E1-7C970BC7947A}.Release|Any CPU.ActiveCfg = Release|Any CPU
		{BE3D9BE2-0506-481C-B5E1-7C970BC7947A}.Release|Any CPU.Build.0 = Release|Any CPU
		{1341D2C6-F012-4F7C-AAE8-6600D2705CED}.Debug|Any CPU.ActiveCfg = Debug|Any CPU
		{1341D2C6-F012-4F7C-AAE8-6600D2705CED}.Debug|Any CPU.Build.0 = Debug|Any CPU
		{1341D2C6-F012-4F7C-AAE8-6600D2705CED}.Release|Any CPU.ActiveCfg = Release|Any CPU
		{1341D2C6-F012-4F7C-AAE8-6600D2705CED}.Release|Any CPU.Build.0 = Release|Any CPU
		{14D60B0D-E6EE-46E1-B908-4D67FFFD12DF}.Debug|Any CPU.ActiveCfg = Debug|Any CPU
		{14D60B0D-E6EE-46E1-B908-4D67FFFD12DF}.Debug|Any CPU.Build.0 = Debug|Any CPU
		{14D60B0D-E6EE-46E1-B908-4D67FFFD12DF}.Release|Any CPU.ActiveCfg = Release|Any CPU
		{14D60B0D-E6EE-46E1-B908-4D67FFFD12DF}.Release|Any CPU.Build.0 = Release|Any CPU
		{EE33B4CA-A85A-4211-A126-B897A34E9AAD}.Debug|Any CPU.ActiveCfg = Debug|Any CPU
		{EE33B4CA-A85A-4211-A126-B897A34E9AAD}.Debug|Any CPU.Build.0 = Debug|Any CPU
		{EE33B4CA-A85A-4211-A126-B897A34E9AAD}.Release|Any CPU.ActiveCfg = Release|Any CPU
		{EE33B4CA-A85A-4211-A126-B897A34E9AAD}.Release|Any CPU.Build.0 = Release|Any CPU
		{A30359C6-2F68-40B7-AE8A-61998FBE7301}.Debug|Any CPU.ActiveCfg = Debug|Any CPU
		{A30359C6-2F68-40B7-AE8A-61998FBE7301}.Debug|Any CPU.Build.0 = Debug|Any CPU
		{A30359C6-2F68-40B7-AE8A-61998FBE7301}.Release|Any CPU.ActiveCfg = Release|Any CPU
		{A30359C6-2F68-40B7-AE8A-61998FBE7301}.Release|Any CPU.Build.0 = Release|Any CPU
		{80EC2983-CEEB-4378-9313-9CA26BB1EB62}.Debug|Any CPU.ActiveCfg = Debug|Any CPU
		{80EC2983-CEEB-4378-9313-9CA26BB1EB62}.Debug|Any CPU.Build.0 = Debug|Any CPU
		{80EC2983-CEEB-4378-9313-9CA26BB1EB62}.Release|Any CPU.ActiveCfg = Release|Any CPU
		{80EC2983-CEEB-4378-9313-9CA26BB1EB62}.Release|Any CPU.Build.0 = Release|Any CPU
		{FF9DC245-20B8-49A0-88E5-ADF36F6EF61E}.Debug|Any CPU.ActiveCfg = Debug|Any CPU
		{FF9DC245-20B8-49A0-88E5-ADF36F6EF61E}.Debug|Any CPU.Build.0 = Debug|Any CPU
		{FF9DC245-20B8-49A0-88E5-ADF36F6EF61E}.Release|Any CPU.ActiveCfg = Release|Any CPU
		{FF9DC245-20B8-49A0-88E5-ADF36F6EF61E}.Release|Any CPU.Build.0 = Release|Any CPU
		{E3994F3F-0D07-4782-AFB4-4C7229E55E57}.Debug|Any CPU.ActiveCfg = Debug|Any CPU
		{E3994F3F-0D07-4782-AFB4-4C7229E55E57}.Debug|Any CPU.Build.0 = Debug|Any CPU
		{E3994F3F-0D07-4782-AFB4-4C7229E55E57}.Release|Any CPU.ActiveCfg = Release|Any CPU
		{E3994F3F-0D07-4782-AFB4-4C7229E55E57}.Release|Any CPU.Build.0 = Release|Any CPU
		{EDFD56FF-3233-4FA9-A2CB-2A1CE2E63814}.Debug|Any CPU.ActiveCfg = Debug|Any CPU
		{EDFD56FF-3233-4FA9-A2CB-2A1CE2E63814}.Debug|Any CPU.Build.0 = Debug|Any CPU
		{EDFD56FF-3233-4FA9-A2CB-2A1CE2E63814}.Release|Any CPU.ActiveCfg = Release|Any CPU
		{EDFD56FF-3233-4FA9-A2CB-2A1CE2E63814}.Release|Any CPU.Build.0 = Release|Any CPU
		{E4F7D784-5D77-4DB6-B9C8-A5EED7F558A5}.Debug|Any CPU.ActiveCfg = Debug|Any CPU
		{E4F7D784-5D77-4DB6-B9C8-A5EED7F558A5}.Debug|Any CPU.Build.0 = Debug|Any CPU
		{E4F7D784-5D77-4DB6-B9C8-A5EED7F558A5}.Release|Any CPU.ActiveCfg = Release|Any CPU
		{E4F7D784-5D77-4DB6-B9C8-A5EED7F558A5}.Release|Any CPU.Build.0 = Release|Any CPU
		{156925E9-842E-4505-ADB2-55E679153630}.Debug|Any CPU.ActiveCfg = Debug|Any CPU
		{156925E9-842E-4505-ADB2-55E679153630}.Debug|Any CPU.Build.0 = Debug|Any CPU
		{156925E9-842E-4505-ADB2-55E679153630}.Release|Any CPU.ActiveCfg = Release|Any CPU
		{156925E9-842E-4505-ADB2-55E679153630}.Release|Any CPU.Build.0 = Release|Any CPU
	EndGlobalSection
	GlobalSection(SolutionProperties) = preSolution
		HideSolutionNode = FALSE
	EndGlobalSection
	GlobalSection(NestedProjects) = preSolution
		{14D60B0D-E6EE-46E1-B908-4D67FFFD12DF} = {A35FA36F-32E4-413B-B04A-863817DBB2CD}
		{EE33B4CA-A85A-4211-A126-B897A34E9AAD} = {A35FA36F-32E4-413B-B04A-863817DBB2CD}
		{A30359C6-2F68-40B7-AE8A-61998FBE7301} = {5662C47F-9402-4E3E-A339-A411F2E7B80C}
		{80EC2983-CEEB-4378-9313-9CA26BB1EB62} = {5662C47F-9402-4E3E-A339-A411F2E7B80C}
		{FF9DC245-20B8-49A0-88E5-ADF36F6EF61E} = {F2B101EB-CB83-404E-96B1-8CC71ADB3C71}
		{E3994F3F-0D07-4782-AFB4-4C7229E55E57} = {F2B101EB-CB83-404E-96B1-8CC71ADB3C71}
		{EDFD56FF-3233-4FA9-A2CB-2A1CE2E63814} = {5DB69794-22CE-4675-9D24-E5A921307964}
		{E4F7D784-5D77-4DB6-B9C8-A5EED7F558A5} = {5DB69794-22CE-4675-9D24-E5A921307964}
		{156925E9-842E-4505-ADB2-55E679153630} = {5DB69794-22CE-4675-9D24-E5A921307964}
	EndGlobalSection
	GlobalSection(ExtensibilityGlobals) = postSolution
		SolutionGuid = {0E24C489-B6EC-4FF8-8309-58B90B0D6803}
	EndGlobalSection
EndGlobal
