
Microsoft Visual Studio Solution File, Format Version 12.00
# Visual Studio Version 17
VisualStudioVersion = 17.10.35013.160
MinimumVisualStudioVersion = 10.0.40219.1
Project("{9A19103F-16F7-4668-BE54-9A1E7A4F7556}") = "P4-1", "P4-1\P4-1.csproj", "{E5FC62EF-479A-4940-B88E-185EF5C99E95}"
EndProject
Project("{9A19103F-16F7-4668-BE54-9A1E7A4F7556}") = "P4-2", "P4-2\P4-2.csproj", "{663E28DE-ADF8-4195-A568-B0288F5752DB}"
EndProject
Project("{9A19103F-16F7-4668-BE54-9A1E7A4F7556}") = "P4-3", "P4-3\P4-3.csproj", "{A884ECCA-A8CE-4733-AA95-25C72F95BDF4}"
EndProject
Project("{9A19103F-16F7-4668-BE54-9A1E7A4F7556}") = "P4-4", "P4-4\P4-4.csproj", "{14DA2C38-D6F3-48BF-9EF4-A187B958EDA9}"
EndProject
Project("{9A19103F-16F7-4668-BE54-9A1E7A4F7556}") = "ASPNETMVC", "ASPNETMVC\ASPNETMVC.csproj", "{6C710AF4-AD56-4355-BDFF-7AA970D20974}"
EndProject
Project("{2150E333-8FDC-42A3-9474-1A3956D46DE8}") = "C#新语法", "C#新语法", "{162B44D8-0968-4025-A833-BDA904B71119}"
EndProject
Project("{2150E333-8FDC-42A3-9474-1A3956D46DE8}") = "ASP.NET MVC", "ASP.NET MVC", "{08DA2861-4C5C-496C-B8A7-214D7BE6BD2A}"
EndProject
Project("{9A19103F-16F7-4668-BE54-9A1E7A4F7556}") = "ASPNETCOREWebAPI", "ASPNETCOREWebAPI\ASPNETCOREWebAPI.csproj", "{09448074-282A-42BD-B5C7-DA2F1D329783}"
EndProject
Project("{2150E333-8FDC-42A3-9474-1A3956D46DE8}") = "ASP.NET WEB API", "ASP.NET WEB API", "{37C8DCA8-F491-4E0B-A286-39109151BD0C}"
EndProject
Project("{9A19103F-16F7-4668-BE54-9A1E7A4F7556}") = "ClassLibrary1", "ClassLibrary1\ClassLibrary1.csproj", "{7B27E777-6055-44D9-BFEF-A6FF97987E7F}"
EndProject
Project("{9A19103F-16F7-4668-BE54-9A1E7A4F7556}") = "ClassLibrary2", "ClassLibrary2\ClassLibrary2.csproj", "{483CE562-B24E-49B2-9CA9-748E50685414}"
EndProject
Project("{9A19103F-16F7-4668-BE54-9A1E7A4F7556}") = "IEnumerable陷阱", "IEnumerable陷阱\IEnumerable陷阱.csproj", "{2C9B7D62-4C5D-4C33-A21C-9E67AA216DF2}"
EndProject
Project("{9A19103F-16F7-4668-BE54-9A1E7A4F7556}") = "EFCoreBooks", "EFCoreBooks\EFCoreBooks.csproj", "{3EA2DAB2-6C10-472A-AE0F-5ECC552C5DC0}"
EndProject
Project("{2150E333-8FDC-42A3-9474-1A3956D46DE8}") = "ASP.NET CORE中间件", "ASP.NET CORE中间件", "{08BEAFF8-7EDE-4F73-8EB2-1AACCB2130FB}"
EndProject
Project("{9A19103F-16F7-4668-BE54-9A1E7A4F7556}") = "中间件1", "中间件1\中间件1.csproj", "{D2690828-026C-411E-AD8F-674FD26F5303}"
EndProject
Project("{9A19103F-16F7-4668-BE54-9A1E7A4F7556}") = "MiniWebAPI", "MiniWebAPI\MiniWebAPI.csproj", "{BFD8AD6C-6527-45B2-A99A-619C3687BB03}"
EndProject
Project("{9A19103F-16F7-4668-BE54-9A1E7A4F7556}") = "MiniWebAPIDemo1", "MiniWebAPIDemo1\MiniWebAPIDemo1.csproj", "{227A3D7D-5F37-42DD-A2B2-17A7ED2B43DE}"
EndProject
Project("{FAE04EC0-301F-11D3-BF4B-00C04F79EFBC}") = "Part7-7", "Part7-7\Part7-7.csproj", "{B732F969-658D-4D5E-A87E-FE73302DC9BD}"
EndProject
Global
	GlobalSection(SolutionConfigurationPlatforms) = preSolution
		Debug|Any CPU = Debug|Any CPU
		Release|Any CPU = Release|Any CPU
	EndGlobalSection
	GlobalSection(ProjectConfigurationPlatforms) = postSolution
		{E5FC62EF-479A-4940-B88E-185EF5C99E95}.Debug|Any CPU.ActiveCfg = Debug|Any CPU
		{E5FC62EF-479A-4940-B88E-185EF5C99E95}.Debug|Any CPU.Build.0 = Debug|Any CPU
		{E5FC62EF-479A-4940-B88E-185EF5C99E95}.Release|Any CPU.ActiveCfg = Release|Any CPU
		{E5FC62EF-479A-4940-B88E-185EF5C99E95}.Release|Any CPU.Build.0 = Release|Any CPU
		{663E28DE-ADF8-4195-A568-B0288F5752DB}.Debug|Any CPU.ActiveCfg = Debug|Any CPU
		{663E28DE-ADF8-4195-A568-B0288F5752DB}.Debug|Any CPU.Build.0 = Debug|Any CPU
		{663E28DE-ADF8-4195-A568-B0288F5752DB}.Release|Any CPU.ActiveCfg = Release|Any CPU
		{663E28DE-ADF8-4195-A568-B0288F5752DB}.Release|Any CPU.Build.0 = Release|Any CPU
		{A884ECCA-A8CE-4733-AA95-25C72F95BDF4}.Debug|Any CPU.ActiveCfg = Debug|Any CPU
		{A884ECCA-A8CE-4733-AA95-25C72F95BDF4}.Debug|Any CPU.Build.0 = Debug|Any CPU
		{A884ECCA-A8CE-4733-AA95-25C72F95BDF4}.Release|Any CPU.ActiveCfg = Release|Any CPU
		{A884ECCA-A8CE-4733-AA95-25C72F95BDF4}.Release|Any CPU.Build.0 = Release|Any CPU
		{14DA2C38-D6F3-48BF-9EF4-A187B958EDA9}.Debug|Any CPU.ActiveCfg = Debug|Any CPU
		{14DA2C38-D6F3-48BF-9EF4-A187B958EDA9}.Debug|Any CPU.Build.0 = Debug|Any CPU
		{14DA2C38-D6F3-48BF-9EF4-A187B958EDA9}.Release|Any CPU.ActiveCfg = Release|Any CPU
		{14DA2C38-D6F3-48BF-9EF4-A187B958EDA9}.Release|Any CPU.Build.0 = Release|Any CPU
		{6C710AF4-AD56-4355-BDFF-7AA970D20974}.Debug|Any CPU.ActiveCfg = Debug|Any CPU
		{6C710AF4-AD56-4355-BDFF-7AA970D20974}.Debug|Any CPU.Build.0 = Debug|Any CPU
		{6C710AF4-AD56-4355-BDFF-7AA970D20974}.Release|Any CPU.ActiveCfg = Release|Any CPU
		{6C710AF4-AD56-4355-BDFF-7AA970D20974}.Release|Any CPU.Build.0 = Release|Any CPU
		{09448074-282A-42BD-B5C7-DA2F1D329783}.Debug|Any CPU.ActiveCfg = Debug|Any CPU
		{09448074-282A-42BD-B5C7-DA2F1D329783}.Debug|Any CPU.Build.0 = Debug|Any CPU
		{09448074-282A-42BD-B5C7-DA2F1D329783}.Release|Any CPU.ActiveCfg = Release|Any CPU
		{09448074-282A-42BD-B5C7-DA2F1D329783}.Release|Any CPU.Build.0 = Release|Any CPU
		{7B27E777-6055-44D9-BFEF-A6FF97987E7F}.Debug|Any CPU.ActiveCfg = Debug|Any CPU
		{7B27E777-6055-44D9-BFEF-A6FF97987E7F}.Debug|Any CPU.Build.0 = Debug|Any CPU
		{7B27E777-6055-44D9-BFEF-A6FF97987E7F}.Release|Any CPU.ActiveCfg = Release|Any CPU
		{7B27E777-6055-44D9-BFEF-A6FF97987E7F}.Release|Any CPU.Build.0 = Release|Any CPU
		{483CE562-B24E-49B2-9CA9-748E50685414}.Debug|Any CPU.ActiveCfg = Debug|Any CPU
		{483CE562-B24E-49B2-9CA9-748E50685414}.Debug|Any CPU.Build.0 = Debug|Any CPU
		{483CE562-B24E-49B2-9CA9-748E50685414}.Release|Any CPU.ActiveCfg = Release|Any CPU
		{483CE562-B24E-49B2-9CA9-748E50685414}.Release|Any CPU.Build.0 = Release|Any CPU
		{2C9B7D62-4C5D-4C33-A21C-9E67AA216DF2}.Debug|Any CPU.ActiveCfg = Debug|Any CPU
		{2C9B7D62-4C5D-4C33-A21C-9E67AA216DF2}.Debug|Any CPU.Build.0 = Debug|Any CPU
		{2C9B7D62-4C5D-4C33-A21C-9E67AA216DF2}.Release|Any CPU.ActiveCfg = Release|Any CPU
		{2C9B7D62-4C5D-4C33-A21C-9E67AA216DF2}.Release|Any CPU.Build.0 = Release|Any CPU
		{3EA2DAB2-6C10-472A-AE0F-5ECC552C5DC0}.Debug|Any CPU.ActiveCfg = Debug|Any CPU
		{3EA2DAB2-6C10-472A-AE0F-5ECC552C5DC0}.Debug|Any CPU.Build.0 = Debug|Any CPU
		{3EA2DAB2-6C10-472A-AE0F-5ECC552C5DC0}.Release|Any CPU.ActiveCfg = Release|Any CPU
		{3EA2DAB2-6C10-472A-AE0F-5ECC552C5DC0}.Release|Any CPU.Build.0 = Release|Any CPU
		{D2690828-026C-411E-AD8F-674FD26F5303}.Debug|Any CPU.ActiveCfg = Debug|Any CPU
		{D2690828-026C-411E-AD8F-674FD26F5303}.Debug|Any CPU.Build.0 = Debug|Any CPU
		{D2690828-026C-411E-AD8F-674FD26F5303}.Release|Any CPU.ActiveCfg = Release|Any CPU
		{D2690828-026C-411E-AD8F-674FD26F5303}.Release|Any CPU.Build.0 = Release|Any CPU
		{BFD8AD6C-6527-45B2-A99A-619C3687BB03}.Debug|Any CPU.ActiveCfg = Debug|Any CPU
		{BFD8AD6C-6527-45B2-A99A-619C3687BB03}.Debug|Any CPU.Build.0 = Debug|Any CPU
		{BFD8AD6C-6527-45B2-A99A-619C3687BB03}.Release|Any CPU.ActiveCfg = Release|Any CPU
		{BFD8AD6C-6527-45B2-A99A-619C3687BB03}.Release|Any CPU.Build.0 = Release|Any CPU
		{227A3D7D-5F37-42DD-A2B2-17A7ED2B43DE}.Debug|Any CPU.ActiveCfg = Debug|Any CPU
		{227A3D7D-5F37-42DD-A2B2-17A7ED2B43DE}.Debug|Any CPU.Build.0 = Debug|Any CPU
		{227A3D7D-5F37-42DD-A2B2-17A7ED2B43DE}.Release|Any CPU.ActiveCfg = Release|Any CPU
		{227A3D7D-5F37-42DD-A2B2-17A7ED2B43DE}.Release|Any CPU.Build.0 = Release|Any CPU
		{B732F969-658D-4D5E-A87E-FE73302DC9BD}.Debug|Any CPU.ActiveCfg = Debug|Any CPU
		{B732F969-658D-4D5E-A87E-FE73302DC9BD}.Debug|Any CPU.Build.0 = Debug|Any CPU
		{B732F969-658D-4D5E-A87E-FE73302DC9BD}.Release|Any CPU.ActiveCfg = Release|Any CPU
		{B732F969-658D-4D5E-A87E-FE73302DC9BD}.Release|Any CPU.Build.0 = Release|Any CPU
	EndGlobalSection
	GlobalSection(SolutionProperties) = preSolution
		HideSolutionNode = FALSE
	EndGlobalSection
	GlobalSection(NestedProjects) = preSolution
		{E5FC62EF-479A-4940-B88E-185EF5C99E95} = {162B44D8-0968-4025-A833-BDA904B71119}
		{663E28DE-ADF8-4195-A568-B0288F5752DB} = {162B44D8-0968-4025-A833-BDA904B71119}
		{A884ECCA-A8CE-4733-AA95-25C72F95BDF4} = {162B44D8-0968-4025-A833-BDA904B71119}
		{14DA2C38-D6F3-48BF-9EF4-A187B958EDA9} = {162B44D8-0968-4025-A833-BDA904B71119}
		{6C710AF4-AD56-4355-BDFF-7AA970D20974} = {08DA2861-4C5C-496C-B8A7-214D7BE6BD2A}
		{09448074-282A-42BD-B5C7-DA2F1D329783} = {37C8DCA8-F491-4E0B-A286-39109151BD0C}
		{7B27E777-6055-44D9-BFEF-A6FF97987E7F} = {37C8DCA8-F491-4E0B-A286-39109151BD0C}
		{483CE562-B24E-49B2-9CA9-748E50685414} = {37C8DCA8-F491-4E0B-A286-39109151BD0C}
		{3EA2DAB2-6C10-472A-AE0F-5ECC552C5DC0} = {37C8DCA8-F491-4E0B-A286-39109151BD0C}
		{D2690828-026C-411E-AD8F-674FD26F5303} = {08BEAFF8-7EDE-4F73-8EB2-1AACCB2130FB}
		{BFD8AD6C-6527-45B2-A99A-619C3687BB03} = {08BEAFF8-7EDE-4F73-8EB2-1AACCB2130FB}
		{227A3D7D-5F37-42DD-A2B2-17A7ED2B43DE} = {08BEAFF8-7EDE-4F73-8EB2-1AACCB2130FB}
		{B732F969-658D-4D5E-A87E-FE73302DC9BD} = {162B44D8-0968-4025-A833-BDA904B71119}
	EndGlobalSection
	GlobalSection(ExtensibilityGlobals) = postSolution
		SolutionGuid = {63EC8301-E70B-4D1E-AD02-0EE0734D0310}
	EndGlobalSection
EndGlobal
